
Microsoft Visual Studio Solution File, Format Version 11.00
# Visual Studio 2010
Project("{FAE04EC0-301F-11D3-BF4B-00C04F79EFBC}") = "Assembly-CSharp", "Assembly-CSharp.csproj", "{9A38B403-66E0-5C54-6334-757F1DC1D46D}"
EndProject
Project("{FAE04EC0-301F-11D3-BF4B-00C04F79EFBC}") = "Assembly-CSharp-firstpass", "Assembly-CSharp-firstpass.csproj", "{9D0C5910-0CA9-DAB7-CEBF-29E3D2CE8EA6}"
EndProject
Project("{FAE04EC0-301F-11D3-BF4B-00C04F79EFBC}") = "Assembly-CSharp-Editor", "Assembly-CSharp-Editor.csproj", "{8329337B-1148-6D17-71EE-F30751D3EBD7}"
EndProject
Global
	GlobalSection(SolutionConfigurationPlatforms) = preSolution
		Debug|Any CPU = Debug|Any CPU
		Release|Any CPU = Release|Any CPU
	EndGlobalSection
	GlobalSection(ProjectConfigurationPlatforms) = postSolution
		{9A38B403-66E0-5C54-6334-757F1DC1D46D}.Debug|Any CPU.ActiveCfg = Debug|Any CPU
		{9A38B403-66E0-5C54-6334-757F1DC1D46D}.Debug|Any CPU.Build.0 = Debug|Any CPU
		{9A38B403-66E0-5C54-6334-757F1DC1D46D}.Release|Any CPU.ActiveCfg = Release|Any CPU
		{9A38B403-66E0-5C54-6334-757F1DC1D46D}.Release|Any CPU.Build.0 = Release|Any CPU
		{9D0C5910-0CA9-DAB7-CEBF-29E3D2CE8EA6}.Debug|Any CPU.ActiveCfg = Debug|Any CPU
		{9D0C5910-0CA9-DAB7-CEBF-29E3D2CE8EA6}.Debug|Any CPU.Build.0 = Debug|Any CPU
		{9D0C5910-0CA9-DAB7-CEBF-29E3D2CE8EA6}.Release|Any CPU.ActiveCfg = Release|Any CPU
		{9D0C5910-0CA9-DAB7-CEBF-29E3D2CE8EA6}.Release|Any CPU.Build.0 = Release|Any CPU
		{8329337B-1148-6D17-71EE-F30751D3EBD7}.Debug|Any CPU.ActiveCfg = Debug|Any CPU
		{8329337B-1148-6D17-71EE-F30751D3EBD7}.Debug|Any CPU.Build.0 = Debug|Any CPU
		{8329337B-1148-6D17-71EE-F30751D3EBD7}.Release|Any CPU.ActiveCfg = Release|Any CPU
		{8329337B-1148-6D17-71EE-F30751D3EBD7}.Release|Any CPU.Build.0 = Release|Any CPU
	EndGlobalSection
	GlobalSection(SolutionProperties) = preSolution
		HideSolutionNode = FALSE
	EndGlobalSection
	GlobalSection(MonoDevelopProperties) = preSolution
		StartupItem = Assembly-CSharp.csproj
	EndGlobalSection
EndGlobal
